
Microsoft Visual Studio Solution File, Format Version 12.00
# Visual Studio Version 17
VisualStudioVersion = 17.10.35013.160
MinimumVisualStudioVersion = 10.0.40219.1
Project("{FAE04EC0-301F-11D3-BF4B-00C04F79EFBC}") = "BookStore", "BookStore\BookStore.csproj", "{BCD4FBE0-936E-4F82-8B94-5843899B2F77}"
EndProject
Global
	GlobalSection(SolutionConfigurationPlatforms) = preSolution
		Debug|Any CPU = Debug|Any CPU
		Release|Any CPU = Release|Any CPU
	EndGlobalSection
	GlobalSection(ProjectConfigurationPlatforms) = postSolution
		{BCD4FBE0-936E-4F82-8B94-5843899B2F77}.Debug|Any CPU.ActiveCfg = Debug|Any CPU
		{BCD4FBE0-936E-4F82-8B94-5843899B2F77}.Debug|Any CPU.Build.0 = Debug|Any CPU
		{BCD4FBE0-936E-4F82-8B94-5843899B2F77}.Release|Any CPU.ActiveCfg = Release|Any CPU
		{BCD4FBE0-936E-4F82-8B94-5843899B2F77}.Release|Any CPU.Build.0 = Release|Any CPU
	EndGlobalSection
	GlobalSection(SolutionProperties) = preSolution
		HideSolutionNode = FALSE
	EndGlobalSection
	GlobalSection(ExtensibilityGlobals) = postSolution
		SolutionGuid = {E0E4483B-615A-48F6-B3CC-1CA61B29D695}
	EndGlobalSection
EndGlobal
